
Microsoft Visual Studio Solution File, Format Version 12.00
# Visual Studio Version 17
VisualStudioVersion = 17.10.34607.79
MinimumVisualStudioVersion = 10.0.40219.1
Project("{2150E333-8FDC-42A3-9474-1A3956D46DE8}") = "API", "API", "{50E85B87-B87B-4FF0-AA1A-04212C539471}"
EndProject
Project("{2150E333-8FDC-42A3-9474-1A3956D46DE8}") = "Domain", "Domain", "{9E2F4E9B-F310-46F8-B829-6A20BF00CF9A}"
EndProject
Project("{2150E333-8FDC-42A3-9474-1A3956D46DE8}") = "Src", "Src", "{DC23223B-2EEE-4637-B725-1B1E7BB3C8D9}"
EndProject
Project("{2150E333-8FDC-42A3-9474-1A3956D46DE8}") = "Infrustructure", "Infrustructure", "{B7C5E0B8-5142-4FBA-A052-EAF87A239BE6}"
EndProject
Project("{FAE04EC0-301F-11D3-BF4B-00C04F79EFBC}") = "Library.API", "Src\API\Library.API\Library.API.csproj", "{1A990EC9-53A9-4DFE-81AA-DFE971083F4C}"
EndProject
Project("{FAE04EC0-301F-11D3-BF4B-00C04F79EFBC}") = "Library.Domain", "Src\Domain\Library.Domain\Library.Domain.csproj", "{2604AB24-580E-4DA3-AB3E-ECE1F6BA3CF9}"
EndProject
Project("{FAE04EC0-301F-11D3-BF4B-00C04F79EFBC}") = "Library.Infrustructure", "Src\Infrustructure\Library.Infrustructure\Library.Infrustructure.csproj", "{F24CCCC9-C544-4827-A9E8-F589C7BB8B28}"
EndProject
Global
	GlobalSection(SolutionConfigurationPlatforms) = preSolution
		Debug|Any CPU = Debug|Any CPU
		Release|Any CPU = Release|Any CPU
	EndGlobalSection
	GlobalSection(ProjectConfigurationPlatforms) = postSolution
		{1A990EC9-53A9-4DFE-81AA-DFE971083F4C}.Debug|Any CPU.ActiveCfg = Debug|Any CPU
		{1A990EC9-53A9-4DFE-81AA-DFE971083F4C}.Debug|Any CPU.Build.0 = Debug|Any CPU
		{1A990EC9-53A9-4DFE-81AA-DFE971083F4C}.Release|Any CPU.ActiveCfg = Release|Any CPU
		{1A990EC9-53A9-4DFE-81AA-DFE971083F4C}.Release|Any CPU.Build.0 = Release|Any CPU
		{2604AB24-580E-4DA3-AB3E-ECE1F6BA3CF9}.Debug|Any CPU.ActiveCfg = Debug|Any CPU
		{2604AB24-580E-4DA3-AB3E-ECE1F6BA3CF9}.Debug|Any CPU.Build.0 = Debug|Any CPU
		{2604AB24-580E-4DA3-AB3E-ECE1F6BA3CF9}.Release|Any CPU.ActiveCfg = Release|Any CPU
		{2604AB24-580E-4DA3-AB3E-ECE1F6BA3CF9}.Release|Any CPU.Build.0 = Release|Any CPU
		{F24CCCC9-C544-4827-A9E8-F589C7BB8B28}.Debug|Any CPU.ActiveCfg = Debug|Any CPU
		{F24CCCC9-C544-4827-A9E8-F589C7BB8B28}.Debug|Any CPU.Build.0 = Debug|Any CPU
		{F24CCCC9-C544-4827-A9E8-F589C7BB8B28}.Release|Any CPU.ActiveCfg = Release|Any CPU
		{F24CCCC9-C544-4827-A9E8-F589C7BB8B28}.Release|Any CPU.Build.0 = Release|Any CPU
	EndGlobalSection
	GlobalSection(SolutionProperties) = preSolution
		HideSolutionNode = FALSE
	EndGlobalSection
	GlobalSection(NestedProjects) = preSolution
		{50E85B87-B87B-4FF0-AA1A-04212C539471} = {DC23223B-2EEE-4637-B725-1B1E7BB3C8D9}
		{9E2F4E9B-F310-46F8-B829-6A20BF00CF9A} = {DC23223B-2EEE-4637-B725-1B1E7BB3C8D9}
		{B7C5E0B8-5142-4FBA-A052-EAF87A239BE6} = {DC23223B-2EEE-4637-B725-1B1E7BB3C8D9}
		{1A990EC9-53A9-4DFE-81AA-DFE971083F4C} = {50E85B87-B87B-4FF0-AA1A-04212C539471}
		{2604AB24-580E-4DA3-AB3E-ECE1F6BA3CF9} = {9E2F4E9B-F310-46F8-B829-6A20BF00CF9A}
		{F24CCCC9-C544-4827-A9E8-F589C7BB8B28} = {B7C5E0B8-5142-4FBA-A052-EAF87A239BE6}
	EndGlobalSection
	GlobalSection(ExtensibilityGlobals) = postSolution
		SolutionGuid = {8D750D02-FF48-481E-BB70-BA7FCEB25F57}
	EndGlobalSection
EndGlobal
